
Microsoft Visual Studio Solution File, Format Version 12.00
# Visual Studio Version 17
VisualStudioVersion = 17.10.35013.160
MinimumVisualStudioVersion = 10.0.40219.1
Project("{FAE04EC0-301F-11D3-BF4B-00C04F79EFBC}") = "API", "API\API.csproj", "{89B5FF1E-275B-4FC0-A3D0-1B63F7026B58}"
EndProject
Global
	GlobalSection(SolutionConfigurationPlatforms) = preSolution
		Debug|Any CPU = Debug|Any CPU
		Release|Any CPU = Release|Any CPU
	EndGlobalSection
	GlobalSection(ProjectConfigurationPlatforms) = postSolution
		{89B5FF1E-275B-4FC0-A3D0-1B63F7026B58}.Debug|Any CPU.ActiveCfg = Debug|Any CPU
		{89B5FF1E-275B-4FC0-A3D0-1B63F7026B58}.Debug|Any CPU.Build.0 = Debug|Any CPU
		{89B5FF1E-275B-4FC0-A3D0-1B63F7026B58}.Release|Any CPU.ActiveCfg = Release|Any CPU
		{89B5FF1E-275B-4FC0-A3D0-1B63F7026B58}.Release|Any CPU.Build.0 = Release|Any CPU
	EndGlobalSection
	GlobalSection(SolutionProperties) = preSolution
		HideSolutionNode = FALSE
	EndGlobalSection
	GlobalSection(ExtensibilityGlobals) = postSolution
		SolutionGuid = {156B6379-BC19-4C39-867D-EB8CFACA245C}
	EndGlobalSection
EndGlobal
